
Microsoft Visual Studio Solution File, Format Version 12.00
# Visual Studio Version 17
VisualStudioVersion = 17.5.33530.505
MinimumVisualStudioVersion = 10.0.40219.1
Project("{9A19103F-16F7-4668-BE54-9A1E7A4F7556}") = "Ray", "Ray.csproj", "{1A15A305-13E3-40A7-888A-DB187D9DC380}"
EndProject
Global
	GlobalSection(SolutionConfigurationPlatforms) = preSolution
		Debug|Any CPU = Debug|Any CPU
		ExportDebug|Any CPU = ExportDebug|Any CPU
		ExportRelease|Any CPU = ExportRelease|Any CPU
	EndGlobalSection
	GlobalSection(ProjectConfigurationPlatforms) = postSolution
		{1A15A305-13E3-40A7-888A-DB187D9DC380}.Debug|Any CPU.ActiveCfg = Debug|Any CPU
		{1A15A305-13E3-40A7-888A-DB187D9DC380}.Debug|Any CPU.Build.0 = Debug|Any CPU
		{1A15A305-13E3-40A7-888A-DB187D9DC380}.ExportDebug|Any CPU.ActiveCfg = ExportDebug|Any CPU
		{1A15A305-13E3-40A7-888A-DB187D9DC380}.ExportDebug|Any CPU.Build.0 = ExportDebug|Any CPU
		{1A15A305-13E3-40A7-888A-DB187D9DC380}.ExportRelease|Any CPU.ActiveCfg = ExportRelease|Any CPU
		{1A15A305-13E3-40A7-888A-DB187D9DC380}.ExportRelease|Any CPU.Build.0 = ExportRelease|Any CPU
	EndGlobalSection
	GlobalSection(SolutionProperties) = preSolution
		HideSolutionNode = FALSE
	EndGlobalSection
	GlobalSection(ExtensibilityGlobals) = postSolution
		SolutionGuid = {17DE780D-38FB-48FE-B847-B3A058CAAA41}
	EndGlobalSection
EndGlobal
